
Microsoft Visual Studio Solution File, Format Version 12.00
# Visual Studio Version 17
VisualStudioVersion = 17.0.31903.59
MinimumVisualStudioVersion = 10.0.40219.1
Project("{2150E333-8FDC-42A3-9474-1A3956D46DE8}") = "src", "src", "{827E0CD3-B72D-47B6-A68D-7590B98EB39B}"
EndProject
Project("{FAE04EC0-301F-11D3-BF4B-00C04F79EFBC}") = "EBICO.Core", "src\EBICO.Core\EBICO.Core.csproj", "{3FF552B2-2FF9-484F-B4A9-F87E2FFFC254}"
EndProject
Project("{FAE04EC0-301F-11D3-BF4B-00C04F79EFBC}") = "EBICO.Connector", "src\EBICO.Connector\EBICO.Connector.csproj", "{D6815E46-EEF1-4FBA-851C-E43149A46287}"
EndProject
Project("{FAE04EC0-301F-11D3-BF4B-00C04F79EFBC}") = "EBICO.Server", "src\EBICO.Server\EBICO.Server.csproj", "{19909EA2-E26F-40B0-9667-0B7DA256C236}"
EndProject
Project("{FAE04EC0-301F-11D3-BF4B-00C04F79EFBC}") = "EBICO.Suite", "src\EBICO.Suite\EBICO.Suite.csproj", "{69FB16D0-F032-486C-A30E-71B7A00B501D}"
EndProject
Project("{2150E333-8FDC-42A3-9474-1A3956D46DE8}") = "tests", "tests", "{0AB3BF05-4346-4AA6-1389-037BE0695223}"
EndProject
Project("{FAE04EC0-301F-11D3-BF4B-00C04F79EFBC}") = "EBICO.Tests", "tests\EBICO.Tests\EBICO.Tests.csproj", "{B40C7A9E-AAD5-4E0B-9CFC-A961BFD879BF}"
EndProject
Project("{2150E333-8FDC-42A3-9474-1A3956D46DE8}") = "samples", "samples", "{5D20AA90-6969-D8BD-9DCD-8634F4692FDA}"
EndProject
Project("{FAE04EC0-301F-11D3-BF4B-00C04F79EFBC}") = "EBICO.Connector.Quickstart", "samples\EBICO.Connector.Quickstart\EBICO.Connector.Quickstart.csproj", "{51F87299-1978-4944-A93A-E4CFFF29E9E8}"
EndProject
Global
	GlobalSection(SolutionConfigurationPlatforms) = preSolution
		Debug|Any CPU = Debug|Any CPU
		Debug|x64 = Debug|x64
		Debug|x86 = Debug|x86
		Release|Any CPU = Release|Any CPU
		Release|x64 = Release|x64
		Release|x86 = Release|x86
	EndGlobalSection
	GlobalSection(ProjectConfigurationPlatforms) = postSolution
		{3FF552B2-2FF9-484F-B4A9-F87E2FFFC254}.Debug|Any CPU.ActiveCfg = Debug|Any CPU
		{3FF552B2-2FF9-484F-B4A9-F87E2FFFC254}.Debug|Any CPU.Build.0 = Debug|Any CPU
		{3FF552B2-2FF9-484F-B4A9-F87E2FFFC254}.Debug|x64.ActiveCfg = Debug|Any CPU
		{3FF552B2-2FF9-484F-B4A9-F87E2FFFC254}.Debug|x64.Build.0 = Debug|Any CPU
		{3FF552B2-2FF9-484F-B4A9-F87E2FFFC254}.Debug|x86.ActiveCfg = Debug|Any CPU
		{3FF552B2-2FF9-484F-B4A9-F87E2FFFC254}.Debug|x86.Build.0 = Debug|Any CPU
		{3FF552B2-2FF9-484F-B4A9-F87E2FFFC254}.Release|Any CPU.ActiveCfg = Release|Any CPU
		{3FF552B2-2FF9-484F-B4A9-F87E2FFFC254}.Release|Any CPU.Build.0 = Release|Any CPU
		{3FF552B2-2FF9-484F-B4A9-F87E2FFFC254}.Release|x64.ActiveCfg = Release|Any CPU
		{3FF552B2-2FF9-484F-B4A9-F87E2FFFC254}.Release|x64.Build.0 = Release|Any CPU
		{3FF552B2-2FF9-484F-B4A9-F87E2FFFC254}.Release|x86.ActiveCfg = Release|Any CPU
		{3FF552B2-2FF9-484F-B4A9-F87E2FFFC254}.Release|x86.Build.0 = Release|Any CPU
		{D6815E46-EEF1-4FBA-851C-E43149A46287}.Debug|Any CPU.ActiveCfg = Debug|Any CPU
		{D6815E46-EEF1-4FBA-851C-E43149A46287}.Debug|Any CPU.Build.0 = Debug|Any CPU
		{D6815E46-EEF1-4FBA-851C-E43149A46287}.Debug|x64.ActiveCfg = Debug|Any CPU
		{D6815E46-EEF1-4FBA-851C-E43149A46287}.Debug|x64.Build.0 = Debug|Any CPU
		{D6815E46-EEF1-4FBA-851C-E43149A46287}.Debug|x86.ActiveCfg = Debug|Any CPU
		{D6815E46-EEF1-4FBA-851C-E43149A46287}.Debug|x86.Build.0 = Debug|Any CPU
		{D6815E46-EEF1-4FBA-851C-E43149A46287}.Release|Any CPU.ActiveCfg = Release|Any CPU
		{D6815E46-EEF1-4FBA-851C-E43149A46287}.Release|Any CPU.Build.0 = Release|Any CPU
		{D6815E46-EEF1-4FBA-851C-E43149A46287}.Release|x64.ActiveCfg = Release|Any CPU
		{D6815E46-EEF1-4FBA-851C-E43149A46287}.Release|x64.Build.0 = Release|Any CPU
		{D6815E46-EEF1-4FBA-851C-E43149A46287}.Release|x86.ActiveCfg = Release|Any CPU
		{D6815E46-EEF1-4FBA-851C-E43149A46287}.Release|x86.Build.0 = Release|Any CPU
		{19909EA2-E26F-40B0-9667-0B7DA256C236}.Debug|Any CPU.ActiveCfg = Debug|Any CPU
		{19909EA2-E26F-40B0-9667-0B7DA256C236}.Debug|Any CPU.Build.0 = Debug|Any CPU
		{19909EA2-E26F-40B0-9667-0B7DA256C236}.Debug|x64.ActiveCfg = Debug|Any CPU
		{19909EA2-E26F-40B0-9667-0B7DA256C236}.Debug|x64.Build.0 = Debug|Any CPU
		{19909EA2-E26F-40B0-9667-0B7DA256C236}.Debug|x86.ActiveCfg = Debug|Any CPU
		{19909EA2-E26F-40B0-9667-0B7DA256C236}.Debug|x86.Build.0 = Debug|Any CPU
		{19909EA2-E26F-40B0-9667-0B7DA256C236}.Release|Any CPU.ActiveCfg = Release|Any CPU
		{19909EA2-E26F-40B0-9667-0B7DA256C236}.Release|Any CPU.Build.0 = Release|Any CPU
		{19909EA2-E26F-40B0-9667-0B7DA256C236}.Release|x64.ActiveCfg = Release|Any CPU
		{19909EA2-E26F-40B0-9667-0B7DA256C236}.Release|x64.Build.0 = Release|Any CPU
		{19909EA2-E26F-40B0-9667-0B7DA256C236}.Release|x86.ActiveCfg = Release|Any CPU
		{19909EA2-E26F-40B0-9667-0B7DA256C236}.Release|x86.Build.0 = Release|Any CPU
		{69FB16D0-F032-486C-A30E-71B7A00B501D}.Debug|Any CPU.ActiveCfg = Debug|Any CPU
		{69FB16D0-F032-486C-A30E-71B7A00B501D}.Debug|Any CPU.Build.0 = Debug|Any CPU
		{69FB16D0-F032-486C-A30E-71B7A00B501D}.Debug|x64.ActiveCfg = Debug|Any CPU
		{69FB16D0-F032-486C-A30E-71B7A00B501D}.Debug|x64.Build.0 = Debug|Any CPU
		{69FB16D0-F032-486C-A30E-71B7A00B501D}.Debug|x86.ActiveCfg = Debug|Any CPU
		{69FB16D0-F032-486C-A30E-71B7A00B501D}.Debug|x86.Build.0 = Debug|Any CPU
		{69FB16D0-F032-486C-A30E-71B7A00B501D}.Release|Any CPU.ActiveCfg = Release|Any CPU
		{69FB16D0-F032-486C-A30E-71B7A00B501D}.Release|Any CPU.Build.0 = Release|Any CPU
		{69FB16D0-F032-486C-A30E-71B7A00B501D}.Release|x64.ActiveCfg = Release|Any CPU
		{69FB16D0-F032-486C-A30E-71B7A00B501D}.Release|x64.Build.0 = Release|Any CPU
		{69FB16D0-F032-486C-A30E-71B7A00B501D}.Release|x86.ActiveCfg = Release|Any CPU
		{69FB16D0-F032-486C-A30E-71B7A00B501D}.Release|x86.Build.0 = Release|Any CPU
		{B40C7A9E-AAD5-4E0B-9CFC-A961BFD879BF}.Debug|Any CPU.ActiveCfg = Debug|Any CPU
		{B40C7A9E-AAD5-4E0B-9CFC-A961BFD879BF}.Debug|Any CPU.Build.0 = Debug|Any CPU
		{B40C7A9E-AAD5-4E0B-9CFC-A961BFD879BF}.Debug|x64.ActiveCfg = Debug|Any CPU
		{B40C7A9E-AAD5-4E0B-9CFC-A961BFD879BF}.Debug|x64.Build.0 = Debug|Any CPU
		{B40C7A9E-AAD5-4E0B-9CFC-A961BFD879BF}.Debug|x86.ActiveCfg = Debug|Any CPU
		{B40C7A9E-AAD5-4E0B-9CFC-A961BFD879BF}.Debug|x86.Build.0 = Debug|Any CPU
		{B40C7A9E-AAD5-4E0B-9CFC-A961BFD879BF}.Release|Any CPU.ActiveCfg = Release|Any CPU
		{B40C7A9E-AAD5-4E0B-9CFC-A961BFD879BF}.Release|Any CPU.Build.0 = Release|Any CPU
		{B40C7A9E-AAD5-4E0B-9CFC-A961BFD879BF}.Release|x64.ActiveCfg = Release|Any CPU
		{B40C7A9E-AAD5-4E0B-9CFC-A961BFD879BF}.Release|x64.Build.0 = Release|Any CPU
		{B40C7A9E-AAD5-4E0B-9CFC-A961BFD879BF}.Release|x86.ActiveCfg = Release|Any CPU
		{B40C7A9E-AAD5-4E0B-9CFC-A961BFD879BF}.Release|x86.Build.0 = Release|Any CPU
		{51F87299-1978-4944-A93A-E4CFFF29E9E8}.Debug|Any CPU.ActiveCfg = Debug|Any CPU
		{51F87299-1978-4944-A93A-E4CFFF29E9E8}.Debug|Any CPU.Build.0 = Debug|Any CPU
		{51F87299-1978-4944-A93A-E4CFFF29E9E8}.Debug|x64.ActiveCfg = Debug|Any CPU
		{51F87299-1978-4944-A93A-E4CFFF29E9E8}.Debug|x64.Build.0 = Debug|Any CPU
		{51F87299-1978-4944-A93A-E4CFFF29E9E8}.Debug|x86.ActiveCfg = Debug|Any CPU
		{51F87299-1978-4944-A93A-E4CFFF29E9E8}.Debug|x86.Build.0 = Debug|Any CPU
		{51F87299-1978-4944-A93A-E4CFFF29E9E8}.Release|Any CPU.ActiveCfg = Release|Any CPU
		{51F87299-1978-4944-A93A-E4CFFF29E9E8}.Release|Any CPU.Build.0 = Release|Any CPU
		{51F87299-1978-4944-A93A-E4CFFF29E9E8}.Release|x64.ActiveCfg = Release|Any CPU
		{51F87299-1978-4944-A93A-E4CFFF29E9E8}.Release|x64.Build.0 = Release|Any CPU
		{51F87299-1978-4944-A93A-E4CFFF29E9E8}.Release|x86.ActiveCfg = Release|Any CPU
		{51F87299-1978-4944-A93A-E4CFFF29E9E8}.Release|x86.Build.0 = Release|Any CPU
	EndGlobalSection
	GlobalSection(SolutionProperties) = preSolution
		HideSolutionNode = FALSE
	EndGlobalSection
	GlobalSection(NestedProjects) = preSolution
		{3FF552B2-2FF9-484F-B4A9-F87E2FFFC254} = {827E0CD3-B72D-47B6-A68D-7590B98EB39B}
		{D6815E46-EEF1-4FBA-851C-E43149A46287} = {827E0CD3-B72D-47B6-A68D-7590B98EB39B}
		{19909EA2-E26F-40B0-9667-0B7DA256C236} = {827E0CD3-B72D-47B6-A68D-7590B98EB39B}
		{69FB16D0-F032-486C-A30E-71B7A00B501D} = {827E0CD3-B72D-47B6-A68D-7590B98EB39B}
		{B40C7A9E-AAD5-4E0B-9CFC-A961BFD879BF} = {0AB3BF05-4346-4AA6-1389-037BE0695223}
		{51F87299-1978-4944-A93A-E4CFFF29E9E8} = {5D20AA90-6969-D8BD-9DCD-8634F4692FDA}
	EndGlobalSection
EndGlobal
